// !$*UTF8*$!
{
	archiveVersion = 1;
	classes = {
	};
	objectVersion = 56;
	objects = {

/* Begin PBXBuildFile section */
		AA08DFE92940BF7D0043E5CA /* AnimalDetailView.swift in Sources */ = {isa = PBXBuildFile; fileRef = AA08DFE82940BF7D0043E5CA /* AnimalDetailView.swift */; };
		AA08DFEB2940C1890043E5CA /* HeadingView.swift in Sources */ = {isa = PBXBuildFile; fileRef = AA08DFEA2940C1890043E5CA /* HeadingView.swift */; };
		AA08DFED2940C27E0043E5CA /* InsetGalleryView.swift in Sources */ = {isa = PBXBuildFile; fileRef = AA08DFEC2940C27E0043E5CA /* InsetGalleryView.swift */; };
		AA08DFF02940C5B80043E5CA /* InsetFactView.swift in Sources */ = {isa = PBXBuildFile; fileRef = AA08DFEF2940C5B80043E5CA /* InsetFactView.swift */; };
		AA08DFF22940C9450043E5CA /* InsetMapView.swift in Sources */ = {isa = PBXBuildFile; fileRef = AA08DFF12940C9450043E5CA /* InsetMapView.swift */; };
		AA08DFF42940CDFA0043E5CA /* ExternalWeblinkView.swift in Sources */ = {isa = PBXBuildFile; fileRef = AA08DFF32940CDFA0043E5CA /* ExternalWeblinkView.swift */; };
		AA0E52FE2933F31D00FB9DF5 /* AfricaApp_SwiftUIApp.swift in Sources */ = {isa = PBXBuildFile; fileRef = AA0E52FD2933F31D00FB9DF5 /* AfricaApp_SwiftUIApp.swift */; };
		AA0E53002933F31D00FB9DF5 /* ContentView.swift in Sources */ = {isa = PBXBuildFile; fileRef = AA0E52FF2933F31D00FB9DF5 /* ContentView.swift */; };
		AA0E53022933F31F00FB9DF5 /* Assets.xcassets in Resources */ = {isa = PBXBuildFile; fileRef = AA0E53012933F31F00FB9DF5 /* Assets.xcassets */; };
		AA0E53052933F31F00FB9DF5 /* Preview Assets.xcassets in Resources */ = {isa = PBXBuildFile; fileRef = AA0E53042933F31F00FB9DF5 /* Preview Assets.xcassets */; };
		AA0E531B2933F7CA00FB9DF5 /* animals.json in Resources */ = {isa = PBXBuildFile; fileRef = AA0E53172933F7C900FB9DF5 /* animals.json */; };
		AA0E531C2933F7CA00FB9DF5 /* covers.json in Resources */ = {isa = PBXBuildFile; fileRef = AA0E53182933F7C900FB9DF5 /* covers.json */; };
		AA0E531D2933F7CA00FB9DF5 /* videos.json in Resources */ = {isa = PBXBuildFile; fileRef = AA0E53192933F7C900FB9DF5 /* videos.json */; };
		AA0E531E2933F7CA00FB9DF5 /* locations.json in Resources */ = {isa = PBXBuildFile; fileRef = AA0E531A2933F7CA00FB9DF5 /* locations.json */; };
		AA2992D32944E60A0005A1D6 /* VideoModel.swift in Sources */ = {isa = PBXBuildFile; fileRef = AA2992D22944E60A0005A1D6 /* VideoModel.swift */; };
		AA2992DA2944E73B0005A1D6 /* VideoListItemView.swift in Sources */ = {isa = PBXBuildFile; fileRef = AA2992D92944E73B0005A1D6 /* VideoListItemView.swift */; };
		AA2CED6D294D906E00525C69 /* MotionAnimationView.swift in Sources */ = {isa = PBXBuildFile; fileRef = AA2CED6C294D906E00525C69 /* MotionAnimationView.swift */; };
		AA51F7602945093A00AA91AD /* VideoPlayerView.swift in Sources */ = {isa = PBXBuildFile; fileRef = AA51F75F2945093A00AA91AD /* VideoPlayerView.swift */; };
		AA5C40DB293FA33B00D4D167 /* AnimalListItemView.swift in Sources */ = {isa = PBXBuildFile; fileRef = AA5C40DA293FA33B00D4D167 /* AnimalListItemView.swift */; };
		AA5C40DD293FA62C00D4D167 /* AnimalModel.swift in Sources */ = {isa = PBXBuildFile; fileRef = AA5C40DC293FA62C00D4D167 /* AnimalModel.swift */; };
		AA8694D629368354004A7F52 /* VideoListView.swift in Sources */ = {isa = PBXBuildFile; fileRef = AA8694D529368354004A7F52 /* VideoListView.swift */; };
		AA8694D8293683A3004A7F52 /* MapView.swift in Sources */ = {isa = PBXBuildFile; fileRef = AA8694D7293683A3004A7F52 /* MapView.swift */; };
		AA8694DA2936846C004A7F52 /* GalleryView.swift in Sources */ = {isa = PBXBuildFile; fileRef = AA8694D92936846C004A7F52 /* GalleryView.swift */; };
		AA8694DC2936847E004A7F52 /* MainView.swift in Sources */ = {isa = PBXBuildFile; fileRef = AA8694DB2936847E004A7F52 /* MainView.swift */; };
		AA9FAE3F293D1DF10050D903 /* CoverImageView.swift in Sources */ = {isa = PBXBuildFile; fileRef = AA9FAE3E293D1DF10050D903 /* CoverImageView.swift */; };
		AA9FAE42293D21680050D903 /* CoverImageModel.swift in Sources */ = {isa = PBXBuildFile; fileRef = AA9FAE41293D21680050D903 /* CoverImageModel.swift */; };
		AA9FAE45293D231F0050D903 /* CodableBundleExtension.swift in Sources */ = {isa = PBXBuildFile; fileRef = AA9FAE44293D231F0050D903 /* CodableBundleExtension.swift */; };
		AAA55115294A260100691F99 /* VideoPlayerHelper.swift in Sources */ = {isa = PBXBuildFile; fileRef = AAA55114294A260100691F99 /* VideoPlayerHelper.swift */; };
		AAA55116294A2A5A00691F99 /* cheetah.mp4 in Resources */ = {isa = PBXBuildFile; fileRef = AA0E53132933F7A900FB9DF5 /* cheetah.mp4 */; };
		AAA55117294A2A9200691F99 /* lion.mp4 in Resources */ = {isa = PBXBuildFile; fileRef = AA0E530E2933F7A800FB9DF5 /* lion.mp4 */; };
		AAA55118294A2AA000691F99 /* elephant.mp4 in Resources */ = {isa = PBXBuildFile; fileRef = AA0E530F2933F7A800FB9DF5 /* elephant.mp4 */; };
		AAA55119294A2AA000691F99 /* giraffe.mp4 in Resources */ = {isa = PBXBuildFile; fileRef = AA0E530D2933F7A800FB9DF5 /* giraffe.mp4 */; };
		AAA5511A294A2AA000691F99 /* hippo.mp4 in Resources */ = {isa = PBXBuildFile; fileRef = AA0E53142933F7AA00FB9DF5 /* hippo.mp4 */; };
		AAA5511B294A2AA000691F99 /* zebra.mp4 in Resources */ = {isa = PBXBuildFile; fileRef = AA0E53122933F7A900FB9DF5 /* zebra.mp4 */; };
		AAA5511C294A2AA000691F99 /* gorilla.mp4 in Resources */ = {isa = PBXBuildFile; fileRef = AA0E530C2933F7A800FB9DF5 /* gorilla.mp4 */; };
		AAA5511D294A2AA000691F99 /* rhino.mp4 in Resources */ = {isa = PBXBuildFile; fileRef = AA0E53112933F7A900FB9DF5 /* rhino.mp4 */; };
		AAA5511E294A2AA000691F99 /* ostrich.mp4 in Resources */ = {isa = PBXBuildFile; fileRef = AA0E53152933F7AA00FB9DF5 /* ostrich.mp4 */; };
		AAA5511F294A2AA000691F99 /* lioness.mp4 in Resources */ = {isa = PBXBuildFile; fileRef = AA0E53102933F7A900FB9DF5 /* lioness.mp4 */; };
		AAA55121294A2B6400691F99 /* LocationModel.swift in Sources */ = {isa = PBXBuildFile; fileRef = AAA55120294A2B6400691F99 /* LocationModel.swift */; };
		AAA55124294A2F7500691F99 /* MapAnnotationView.swift in Sources */ = {isa = PBXBuildFile; fileRef = AAA55123294A2F7500691F99 /* MapAnnotationView.swift */; };
/* End PBXBuildFile section */

/* Begin PBXFileReference section */
		AA08DFE82940BF7D0043E5CA /* AnimalDetailView.swift */ = {isa = PBXFileReference; lastKnownFileType = sourcecode.swift; path = AnimalDetailView.swift; sourceTree = "<group>"; };
		AA08DFEA2940C1890043E5CA /* HeadingView.swift */ = {isa = PBXFileReference; lastKnownFileType = sourcecode.swift; path = HeadingView.swift; sourceTree = "<group>"; };
		AA08DFEC2940C27E0043E5CA /* InsetGalleryView.swift */ = {isa = PBXFileReference; lastKnownFileType = sourcecode.swift; path = InsetGalleryView.swift; sourceTree = "<group>"; };
		AA08DFEF2940C5B80043E5CA /* InsetFactView.swift */ = {isa = PBXFileReference; lastKnownFileType = sourcecode.swift; path = InsetFactView.swift; sourceTree = "<group>"; };
		AA08DFF12940C9450043E5CA /* InsetMapView.swift */ = {isa = PBXFileReference; lastKnownFileType = sourcecode.swift; path = InsetMapView.swift; sourceTree = "<group>"; };
		AA08DFF32940CDFA0043E5CA /* ExternalWeblinkView.swift */ = {isa = PBXFileReference; lastKnownFileType = sourcecode.swift; path = ExternalWeblinkView.swift; sourceTree = "<group>"; };
		AA0E52FA2933F31D00FB9DF5 /* AfricaApp_SwiftUI.app */ = {isa = PBXFileReference; explicitFileType = wrapper.application; includeInIndex = 0; path = AfricaApp_SwiftUI.app; sourceTree = BUILT_PRODUCTS_DIR; };
		AA0E52FD2933F31D00FB9DF5 /* AfricaApp_SwiftUIApp.swift */ = {isa = PBXFileReference; lastKnownFileType = sourcecode.swift; path = AfricaApp_SwiftUIApp.swift; sourceTree = "<group>"; };
		AA0E52FF2933F31D00FB9DF5 /* ContentView.swift */ = {isa = PBXFileReference; lastKnownFileType = sourcecode.swift; path = ContentView.swift; sourceTree = "<group>"; };
		AA0E53012933F31F00FB9DF5 /* Assets.xcassets */ = {isa = PBXFileReference; lastKnownFileType = folder.assetcatalog; path = Assets.xcassets; sourceTree = "<group>"; };
		AA0E53042933F31F00FB9DF5 /* Preview Assets.xcassets */ = {isa = PBXFileReference; lastKnownFileType = folder.assetcatalog; path = "Preview Assets.xcassets"; sourceTree = "<group>"; };
		AA0E530C2933F7A800FB9DF5 /* gorilla.mp4 */ = {isa = PBXFileReference; lastKnownFileType = file; path = gorilla.mp4; sourceTree = "<group>"; };
		AA0E530D2933F7A800FB9DF5 /* giraffe.mp4 */ = {isa = PBXFileReference; lastKnownFileType = file; path = giraffe.mp4; sourceTree = "<group>"; };
		AA0E530E2933F7A800FB9DF5 /* lion.mp4 */ = {isa = PBXFileReference; lastKnownFileType = file; path = lion.mp4; sourceTree = "<group>"; };
		AA0E530F2933F7A800FB9DF5 /* elephant.mp4 */ = {isa = PBXFileReference; lastKnownFileType = file; path = elephant.mp4; sourceTree = "<group>"; };
		AA0E53102933F7A900FB9DF5 /* lioness.mp4 */ = {isa = PBXFileReference; lastKnownFileType = file; path = lioness.mp4; sourceTree = "<group>"; };
		AA0E53112933F7A900FB9DF5 /* rhino.mp4 */ = {isa = PBXFileReference; lastKnownFileType = file; path = rhino.mp4; sourceTree = "<group>"; };
		AA0E53122933F7A900FB9DF5 /* zebra.mp4 */ = {isa = PBXFileReference; lastKnownFileType = file; path = zebra.mp4; sourceTree = "<group>"; };
		AA0E53132933F7A900FB9DF5 /* cheetah.mp4 */ = {isa = PBXFileReference; lastKnownFileType = file; path = cheetah.mp4; sourceTree = "<group>"; };
		AA0E53142933F7AA00FB9DF5 /* hippo.mp4 */ = {isa = PBXFileReference; lastKnownFileType = file; path = hippo.mp4; sourceTree = "<group>"; };
		AA0E53152933F7AA00FB9DF5 /* ostrich.mp4 */ = {isa = PBXFileReference; lastKnownFileType = file; path = ostrich.mp4; sourceTree = "<group>"; };
		AA0E53172933F7C900FB9DF5 /* animals.json */ = {isa = PBXFileReference; fileEncoding = 4; lastKnownFileType = text.json; path = animals.json; sourceTree = "<group>"; };
		AA0E53182933F7C900FB9DF5 /* covers.json */ = {isa = PBXFileReference; fileEncoding = 4; lastKnownFileType = text.json; path = covers.json; sourceTree = "<group>"; };
		AA0E53192933F7C900FB9DF5 /* videos.json */ = {isa = PBXFileReference; fileEncoding = 4; lastKnownFileType = text.json; path = videos.json; sourceTree = "<group>"; };
		AA0E531A2933F7CA00FB9DF5 /* locations.json */ = {isa = PBXFileReference; fileEncoding = 4; lastKnownFileType = text.json; path = locations.json; sourceTree = "<group>"; };
		AA2992D22944E60A0005A1D6 /* VideoModel.swift */ = {isa = PBXFileReference; lastKnownFileType = sourcecode.swift; path = VideoModel.swift; sourceTree = "<group>"; };
		AA2992D92944E73B0005A1D6 /* VideoListItemView.swift */ = {isa = PBXFileReference; lastKnownFileType = sourcecode.swift; path = VideoListItemView.swift; sourceTree = "<group>"; };
		AA2CED6C294D906E00525C69 /* MotionAnimationView.swift */ = {isa = PBXFileReference; lastKnownFileType = sourcecode.swift; path = MotionAnimationView.swift; sourceTree = "<group>"; };
		AA51F75F2945093A00AA91AD /* VideoPlayerView.swift */ = {isa = PBXFileReference; lastKnownFileType = sourcecode.swift; path = VideoPlayerView.swift; sourceTree = "<group>"; };
		AA5C40DA293FA33B00D4D167 /* AnimalListItemView.swift */ = {isa = PBXFileReference; lastKnownFileType = sourcecode.swift; path = AnimalListItemView.swift; sourceTree = "<group>"; };
		AA5C40DC293FA62C00D4D167 /* AnimalModel.swift */ = {isa = PBXFileReference; lastKnownFileType = sourcecode.swift; path = AnimalModel.swift; sourceTree = "<group>"; };
		AA8694D32936824F004A7F52 /* AfricaApp-SwiftUI-Info.plist */ = {isa = PBXFileReference; lastKnownFileType = text.plist; path = "AfricaApp-SwiftUI-Info.plist"; sourceTree = SOURCE_ROOT; };
		AA8694D529368354004A7F52 /* VideoListView.swift */ = {isa = PBXFileReference; lastKnownFileType = sourcecode.swift; path = VideoListView.swift; sourceTree = "<group>"; };
		AA8694D7293683A3004A7F52 /* MapView.swift */ = {isa = PBXFileReference; lastKnownFileType = sourcecode.swift; path = MapView.swift; sourceTree = "<group>"; };
		AA8694D92936846C004A7F52 /* GalleryView.swift */ = {isa = PBXFileReference; lastKnownFileType = sourcecode.swift; path = GalleryView.swift; sourceTree = "<group>"; };
		AA8694DB2936847E004A7F52 /* MainView.swift */ = {isa = PBXFileReference; lastKnownFileType = sourcecode.swift; path = MainView.swift; sourceTree = "<group>"; };
		AA9FAE3E293D1DF10050D903 /* CoverImageView.swift */ = {isa = PBXFileReference; lastKnownFileType = sourcecode.swift; path = CoverImageView.swift; sourceTree = "<group>"; };
		AA9FAE41293D21680050D903 /* CoverImageModel.swift */ = {isa = PBXFileReference; lastKnownFileType = sourcecode.swift; path = CoverImageModel.swift; sourceTree = "<group>"; };
		AA9FAE44293D231F0050D903 /* CodableBundleExtension.swift */ = {isa = PBXFileReference; lastKnownFileType = sourcecode.swift; path = CodableBundleExtension.swift; sourceTree = "<group>"; };
		AAA55114294A260100691F99 /* VideoPlayerHelper.swift */ = {isa = PBXFileReference; lastKnownFileType = sourcecode.swift; path = VideoPlayerHelper.swift; sourceTree = "<group>"; };
		AAA55120294A2B6400691F99 /* LocationModel.swift */ = {isa = PBXFileReference; lastKnownFileType = sourcecode.swift; path = LocationModel.swift; sourceTree = "<group>"; };
		AAA55123294A2F7500691F99 /* MapAnnotationView.swift */ = {isa = PBXFileReference; lastKnownFileType = sourcecode.swift; path = MapAnnotationView.swift; sourceTree = "<group>"; };
/* End PBXFileReference section */

/* Begin PBXFrameworksBuildPhase section */
		AA0E52F72933F31D00FB9DF5 /* Frameworks */ = {
			isa = PBXFrameworksBuildPhase;
			buildActionMask = 2147483647;
			files = (
			);
			runOnlyForDeploymentPostprocessing = 0;
		};
/* End PBXFrameworksBuildPhase section */

/* Begin PBXGroup section */
		AA0E52F12933F31D00FB9DF5 = {
			isa = PBXGroup;
			children = (
				AA0E52FC2933F31D00FB9DF5 /* AfricaApp_SwiftUI */,
				AA0E52FB2933F31D00FB9DF5 /* Products */,
			);
			sourceTree = "<group>";
		};
		AA0E52FB2933F31D00FB9DF5 /* Products */ = {
			isa = PBXGroup;
			children = (
				AA0E52FA2933F31D00FB9DF5 /* AfricaApp_SwiftUI.app */,
			);
			name = Products;
			sourceTree = "<group>";
		};
		AA0E52FC2933F31D00FB9DF5 /* AfricaApp_SwiftUI */ = {
			isa = PBXGroup;
			children = (
				AAA55113294A25F000691F99 /* Helper */,
				AA9FAE43293D22EF0050D903 /* Extension */,
				AA8694D32936824F004A7F52 /* AfricaApp-SwiftUI-Info.plist */,
				AA0E53012933F31F00FB9DF5 /* Assets.xcassets */,
				AA9FAE40293D214C0050D903 /* Model */,
				AA9FAE3D293D1DCA0050D903 /* View */,
				AA0E53162933F7BC00FB9DF5 /* Data */,
				AA0E530B2933F79600FB9DF5 /* Video */,
				AA8694D42936830F004A7F52 /* App */,
				AA0E53032933F31F00FB9DF5 /* Preview Content */,
			);
			path = AfricaApp_SwiftUI;
			sourceTree = "<group>";
		};
		AA0E53032933F31F00FB9DF5 /* Preview Content */ = {
			isa = PBXGroup;
			children = (
				AA0E53042933F31F00FB9DF5 /* Preview Assets.xcassets */,
			);
			path = "Preview Content";
			sourceTree = "<group>";
		};
		AA0E530B2933F79600FB9DF5 /* Video */ = {
			isa = PBXGroup;
			children = (
				AA0E53132933F7A900FB9DF5 /* cheetah.mp4 */,
				AA0E530F2933F7A800FB9DF5 /* elephant.mp4 */,
				AA0E530D2933F7A800FB9DF5 /* giraffe.mp4 */,
				AA0E530C2933F7A800FB9DF5 /* gorilla.mp4 */,
				AA0E53142933F7AA00FB9DF5 /* hippo.mp4 */,
				AA0E530E2933F7A800FB9DF5 /* lion.mp4 */,
				AA0E53102933F7A900FB9DF5 /* lioness.mp4 */,
				AA0E53152933F7AA00FB9DF5 /* ostrich.mp4 */,
				AA0E53112933F7A900FB9DF5 /* rhino.mp4 */,
				AA0E53122933F7A900FB9DF5 /* zebra.mp4 */,
			);
			path = Video;
			sourceTree = "<group>";
		};
		AA0E53162933F7BC00FB9DF5 /* Data */ = {
			isa = PBXGroup;
			children = (
				AA0E53172933F7C900FB9DF5 /* animals.json */,
				AA0E53182933F7C900FB9DF5 /* covers.json */,
				AA0E531A2933F7CA00FB9DF5 /* locations.json */,
				AA0E53192933F7C900FB9DF5 /* videos.json */,
			);
			path = Data;
			sourceTree = "<group>";
		};
		AA2992D42944E6830005A1D6 /* Content */ = {
			isa = PBXGroup;
			children = (
				AA9FAE3E293D1DF10050D903 /* CoverImageView.swift */,
				AA5C40DA293FA33B00D4D167 /* AnimalListItemView.swift */,
			);
			path = Content;
			sourceTree = "<group>";
		};
		AA2992D52944E68A0005A1D6 /* Video */ = {
			isa = PBXGroup;
			children = (
				AA2992D92944E73B0005A1D6 /* VideoListItemView.swift */,
				AA51F75F2945093A00AA91AD /* VideoPlayerView.swift */,
			);
			path = Video;
			sourceTree = "<group>";
		};
		AA2992D62944E6AB0005A1D6 /* AnimalDetailView */ = {
			isa = PBXGroup;
			children = (
				AA2992D72944E6C30005A1D6 /* SubView */,
			);
			path = AnimalDetailView;
			sourceTree = "<group>";
		};
		AA2992D72944E6C30005A1D6 /* SubView */ = {
			isa = PBXGroup;
			children = (
				AA08DFEA2940C1890043E5CA /* HeadingView.swift */,
				AA08DFEC2940C27E0043E5CA /* InsetGalleryView.swift */,
				AA08DFEF2940C5B80043E5CA /* InsetFactView.swift */,
				AA08DFF12940C9450043E5CA /* InsetMapView.swift */,
				AA08DFF32940CDFA0043E5CA /* ExternalWeblinkView.swift */,
			);
			path = SubView;
			sourceTree = "<group>";
		};
		AA2CED6B294D905000525C69 /* Gallery */ = {
			isa = PBXGroup;
			children = (
				AA2CED6C294D906E00525C69 /* MotionAnimationView.swift */,
			);
			path = Gallery;
			sourceTree = "<group>";
		};
		AA8694D42936830F004A7F52 /* App */ = {
			isa = PBXGroup;
			children = (
				AA0E52FD2933F31D00FB9DF5 /* AfricaApp_SwiftUIApp.swift */,
				AA0E52FF2933F31D00FB9DF5 /* ContentView.swift */,
				AA8694D529368354004A7F52 /* VideoListView.swift */,
				AA8694D7293683A3004A7F52 /* MapView.swift */,
				AA8694D92936846C004A7F52 /* GalleryView.swift */,
				AA8694DB2936847E004A7F52 /* MainView.swift */,
			);
			path = App;
			sourceTree = "<group>";
		};
		AA9FAE3D293D1DCA0050D903 /* View */ = {
			isa = PBXGroup;
			children = (
				AA2CED6B294D905000525C69 /* Gallery */,
				AAA55122294A2F5B00691F99 /* Map */,
				AA2992D62944E6AB0005A1D6 /* AnimalDetailView */,
				AA08DFE82940BF7D0043E5CA /* AnimalDetailView.swift */,
				AA2992D52944E68A0005A1D6 /* Video */,
				AA2992D42944E6830005A1D6 /* Content */,
			);
			path = View;
			sourceTree = "<group>";
		};
		AA9FAE40293D214C0050D903 /* Model */ = {
			isa = PBXGroup;
			children = (
				AA9FAE41293D21680050D903 /* CoverImageModel.swift */,
				AA5C40DC293FA62C00D4D167 /* AnimalModel.swift */,
				AA2992D22944E60A0005A1D6 /* VideoModel.swift */,
				AAA55120294A2B6400691F99 /* LocationModel.swift */,
			);
			path = Model;
			sourceTree = "<group>";
		};
		AA9FAE43293D22EF0050D903 /* Extension */ = {
			isa = PBXGroup;
			children = (
				AA9FAE44293D231F0050D903 /* CodableBundleExtension.swift */,
			);
			path = Extension;
			sourceTree = "<group>";
		};
		AAA55113294A25F000691F99 /* Helper */ = {
			isa = PBXGroup;
			children = (
				AAA55114294A260100691F99 /* VideoPlayerHelper.swift */,
			);
			path = Helper;
			sourceTree = "<group>";
		};
		AAA55122294A2F5B00691F99 /* Map */ = {
			isa = PBXGroup;
			children = (
				AAA55123294A2F7500691F99 /* MapAnnotationView.swift */,
			);
			path = Map;
			sourceTree = "<group>";
		};
/* End PBXGroup section */

/* Begin PBXNativeTarget section */
		AA0E52F92933F31D00FB9DF5 /* AfricaApp_SwiftUI */ = {
			isa = PBXNativeTarget;
			buildConfigurationList = AA0E53082933F31F00FB9DF5 /* Build configuration list for PBXNativeTarget "AfricaApp_SwiftUI" */;
			buildPhases = (
				AA0E52F62933F31D00FB9DF5 /* Sources */,
				AA0E52F72933F31D00FB9DF5 /* Frameworks */,
				AA0E52F82933F31D00FB9DF5 /* Resources */,
			);
			buildRules = (
			);
			dependencies = (
			);
			name = AfricaApp_SwiftUI;
			productName = AfricaApp_SwiftUI;
			productReference = AA0E52FA2933F31D00FB9DF5 /* AfricaApp_SwiftUI.app */;
			productType = "com.apple.product-type.application";
		};
/* End PBXNativeTarget section */

/* Begin PBXProject section */
		AA0E52F22933F31D00FB9DF5 /* Project object */ = {
			isa = PBXProject;
			attributes = {
				BuildIndependentTargetsInParallel = 1;
				LastSwiftUpdateCheck = 1410;
				LastUpgradeCheck = 1410;
				TargetAttributes = {
					AA0E52F92933F31D00FB9DF5 = {
						CreatedOnToolsVersion = 14.1;
					};
				};
			};
			buildConfigurationList = AA0E52F52933F31D00FB9DF5 /* Build configuration list for PBXProject "AfricaApp_SwiftUI" */;
			compatibilityVersion = "Xcode 14.0";
			developmentRegion = en;
			hasScannedForEncodings = 0;
			knownRegions = (
				en,
				Base,
			);
			mainGroup = AA0E52F12933F31D00FB9DF5;
			productRefGroup = AA0E52FB2933F31D00FB9DF5 /* Products */;
			projectDirPath = "";
			projectRoot = "";
			targets = (
				AA0E52F92933F31D00FB9DF5 /* AfricaApp_SwiftUI */,
			);
		};
/* End PBXProject section */

/* Begin PBXResourcesBuildPhase section */
		AA0E52F82933F31D00FB9DF5 /* Resources */ = {
			isa = PBXResourcesBuildPhase;
			buildActionMask = 2147483647;
			files = (
				AA0E531B2933F7CA00FB9DF5 /* animals.json in Resources */,
				AAA5511A294A2AA000691F99 /* hippo.mp4 in Resources */,
				AAA55117294A2A9200691F99 /* lion.mp4 in Resources */,
				AAA5511E294A2AA000691F99 /* ostrich.mp4 in Resources */,
				AA0E531C2933F7CA00FB9DF5 /* covers.json in Resources */,
				AAA5511D294A2AA000691F99 /* rhino.mp4 in Resources */,
				AAA5511B294A2AA000691F99 /* zebra.mp4 in Resources */,
				AAA5511F294A2AA000691F99 /* lioness.mp4 in Resources */,
				AA0E531D2933F7CA00FB9DF5 /* videos.json in Resources */,
				AAA55119294A2AA000691F99 /* giraffe.mp4 in Resources */,
				AA0E53052933F31F00FB9DF5 /* Preview Assets.xcassets in Resources */,
				AA0E531E2933F7CA00FB9DF5 /* locations.json in Resources */,
				AA0E53022933F31F00FB9DF5 /* Assets.xcassets in Resources */,
				AAA55116294A2A5A00691F99 /* cheetah.mp4 in Resources */,
				AAA5511C294A2AA000691F99 /* gorilla.mp4 in Resources */,
				AAA55118294A2AA000691F99 /* elephant.mp4 in Resources */,
			);
			runOnlyForDeploymentPostprocessing = 0;
		};
/* End PBXResourcesBuildPhase section */

/* Begin PBXSourcesBuildPhase section */
		AA0E52F62933F31D00FB9DF5 /* Sources */ = {
			isa = PBXSourcesBuildPhase;
			buildActionMask = 2147483647;
			files = (
				AA08DFF42940CDFA0043E5CA /* ExternalWeblinkView.swift in Sources */,
				AA0E53002933F31D00FB9DF5 /* ContentView.swift in Sources */,
				AA5C40DB293FA33B00D4D167 /* AnimalListItemView.swift in Sources */,
				AA8694DC2936847E004A7F52 /* MainView.swift in Sources */,
				AA08DFF02940C5B80043E5CA /* InsetFactView.swift in Sources */,
				AA9FAE3F293D1DF10050D903 /* CoverImageView.swift in Sources */,
				AA9FAE42293D21680050D903 /* CoverImageModel.swift in Sources */,
				AA08DFE92940BF7D0043E5CA /* AnimalDetailView.swift in Sources */,
				AA5C40DD293FA62C00D4D167 /* AnimalModel.swift in Sources */,
				AA8694D8293683A3004A7F52 /* MapView.swift in Sources */,
				AAA55115294A260100691F99 /* VideoPlayerHelper.swift in Sources */,
				AA08DFF22940C9450043E5CA /* InsetMapView.swift in Sources */,
				AA0E52FE2933F31D00FB9DF5 /* AfricaApp_SwiftUIApp.swift in Sources */,
				AAA55124294A2F7500691F99 /* MapAnnotationView.swift in Sources */,
				AA8694D629368354004A7F52 /* VideoListView.swift in Sources */,
				AA2992D32944E60A0005A1D6 /* VideoModel.swift in Sources */,
				AA8694DA2936846C004A7F52 /* GalleryView.swift in Sources */,
				AAA55121294A2B6400691F99 /* LocationModel.swift in Sources */,
				AA08DFED2940C27E0043E5CA /* InsetGalleryView.swift in Sources */,
				AA2992DA2944E73B0005A1D6 /* VideoListItemView.swift in Sources */,
				AA9FAE45293D231F0050D903 /* CodableBundleExtension.swift in Sources */,
				AA2CED6D294D906E00525C69 /* MotionAnimationView.swift in Sources */,
				AA08DFEB2940C1890043E5CA /* HeadingView.swift in Sources */,
				AA51F7602945093A00AA91AD /* VideoPlayerView.swift in Sources */,
			);
			runOnlyForDeploymentPostprocessing = 0;
		};
/* End PBXSourcesBuildPhase section */

/* Begin XCBuildConfiguration section */
		AA0E53062933F31F00FB9DF5 /* Debug */ = {
			isa = XCBuildConfiguration;
			buildSettings = {
				ALWAYS_SEARCH_USER_PATHS = NO;
				CLANG_ANALYZER_NONNULL = YES;
				CLANG_ANALYZER_NUMBER_OBJECT_CONVERSION = YES_AGGRESSIVE;
				CLANG_CXX_LANGUAGE_STANDARD = "gnu++20";
				CLANG_ENABLE_MODULES = YES;
				CLANG_ENABLE_OBJC_ARC = YES;
				CLANG_ENABLE_OBJC_WEAK = YES;
				CLANG_WARN_BLOCK_CAPTURE_AUTORELEASING = YES;
				CLANG_WARN_BOOL_CONVERSION = YES;
				CLANG_WARN_COMMA = YES;
				CLANG_WARN_CONSTANT_CONVERSION = YES;
				CLANG_WARN_DEPRECATED_OBJC_IMPLEMENTATIONS = YES;
				CLANG_WARN_DIRECT_OBJC_ISA_USAGE = YES_ERROR;
				CLANG_WARN_DOCUMENTATION_COMMENTS = YES;
				CLANG_WARN_EMPTY_BODY = YES;
				CLANG_WARN_ENUM_CONVERSION = YES;
				CLANG_WARN_INFINITE_RECURSION = YES;
				CLANG_WARN_INT_CONVERSION = YES;
				CLANG_WARN_NON_LITERAL_NULL_CONVERSION = YES;
				CLANG_WARN_OBJC_IMPLICIT_RETAIN_SELF = YES;
				CLANG_WARN_OBJC_LITERAL_CONVERSION = YES;
				CLANG_WARN_OBJC_ROOT_CLASS = YES_ERROR;
				CLANG_WARN_QUOTED_INCLUDE_IN_FRAMEWORK_HEADER = YES;
				CLANG_WARN_RANGE_LOOP_ANALYSIS = YES;
				CLANG_WARN_STRICT_PROTOTYPES = YES;
				CLANG_WARN_SUSPICIOUS_MOVE = YES;
				CLANG_WARN_UNGUARDED_AVAILABILITY = YES_AGGRESSIVE;
				CLANG_WARN_UNREACHABLE_CODE = YES;
				CLANG_WARN__DUPLICATE_METHOD_MATCH = YES;
				COPY_PHASE_STRIP = NO;
				DEBUG_INFORMATION_FORMAT = dwarf;
				ENABLE_STRICT_OBJC_MSGSEND = YES;
				ENABLE_TESTABILITY = YES;
				GCC_C_LANGUAGE_STANDARD = gnu11;
				GCC_DYNAMIC_NO_PIC = NO;
				GCC_NO_COMMON_BLOCKS = YES;
				GCC_OPTIMIZATION_LEVEL = 0;
				GCC_PREPROCESSOR_DEFINITIONS = (
					"DEBUG=1",
					"$(inherited)",
				);
				GCC_WARN_64_TO_32_BIT_CONVERSION = YES;
				GCC_WARN_ABOUT_RETURN_TYPE = YES_ERROR;
				GCC_WARN_UNDECLARED_SELECTOR = YES;
				GCC_WARN_UNINITIALIZED_AUTOS = YES_AGGRESSIVE;
				GCC_WARN_UNUSED_FUNCTION = YES;
				GCC_WARN_UNUSED_VARIABLE = YES;
				IPHONEOS_DEPLOYMENT_TARGET = 16.1;
				MTL_ENABLE_DEBUG_INFO = INCLUDE_SOURCE;
				MTL_FAST_MATH = YES;
				ONLY_ACTIVE_ARCH = YES;
				SDKROOT = iphoneos;
				SWIFT_ACTIVE_COMPILATION_CONDITIONS = DEBUG;
				SWIFT_OPTIMIZATION_LEVEL = "-Onone";
			};
			name = Debug;
		};
		AA0E53072933F31F00FB9DF5 /* Release */ = {
			isa = XCBuildConfiguration;
			buildSettings = {
				ALWAYS_SEARCH_USER_PATHS = NO;
				CLANG_ANALYZER_NONNULL = YES;
				CLANG_ANALYZER_NUMBER_OBJECT_CONVERSION = YES_AGGRESSIVE;
				CLANG_CXX_LANGUAGE_STANDARD = "gnu++20";
				CLANG_ENABLE_MODULES = YES;
				CLANG_ENABLE_OBJC_ARC = YES;
				CLANG_ENABLE_OBJC_WEAK = YES;
				CLANG_WARN_BLOCK_CAPTURE_AUTORELEASING = YES;
				CLANG_WARN_BOOL_CONVERSION = YES;
				CLANG_WARN_COMMA = YES;
				CLANG_WARN_CONSTANT_CONVERSION = YES;
				CLANG_WARN_DEPRECATED_OBJC_IMPLEMENTATIONS = YES;
				CLANG_WARN_DIRECT_OBJC_ISA_USAGE = YES_ERROR;
				CLANG_WARN_DOCUMENTATION_COMMENTS = YES;
				CLANG_WARN_EMPTY_BODY = YES;
				CLANG_WARN_ENUM_CONVERSION = YES;
				CLANG_WARN_INFINITE_RECURSION = YES;
				CLANG_WARN_INT_CONVERSION = YES;
				CLANG_WARN_NON_LITERAL_NULL_CONVERSION = YES;
				CLANG_WARN_OBJC_IMPLICIT_RETAIN_SELF = YES;
				CLANG_WARN_OBJC_LITERAL_CONVERSION = YES;
				CLANG_WARN_OBJC_ROOT_CLASS = YES_ERROR;
				CLANG_WARN_QUOTED_INCLUDE_IN_FRAMEWORK_HEADER = YES;
				CLANG_WARN_RANGE_LOOP_ANALYSIS = YES;
				CLANG_WARN_STRICT_PROTOTYPES = YES;
				CLANG_WARN_SUSPICIOUS_MOVE = YES;
				CLANG_WARN_UNGUARDED_AVAILABILITY = YES_AGGRESSIVE;
				CLANG_WARN_UNREACHABLE_CODE = YES;
				CLANG_WARN__DUPLICATE_METHOD_MATCH = YES;
				COPY_PHASE_STRIP = NO;
				DEBUG_INFORMATION_FORMAT = "dwarf-with-dsym";
				ENABLE_NS_ASSERTIONS = NO;
				ENABLE_STRICT_OBJC_MSGSEND = YES;
				GCC_C_LANGUAGE_STANDARD = gnu11;
				GCC_NO_COMMON_BLOCKS = YES;
				GCC_WARN_64_TO_32_BIT_CONVERSION = YES;
				GCC_WARN_ABOUT_RETURN_TYPE = YES_ERROR;
				GCC_WARN_UNDECLARED_SELECTOR = YES;
				GCC_WARN_UNINITIALIZED_AUTOS = YES_AGGRESSIVE;
				GCC_WARN_UNUSED_FUNCTION = YES;
				GCC_WARN_UNUSED_VARIABLE = YES;
				IPHONEOS_DEPLOYMENT_TARGET = 16.1;
				MTL_ENABLE_DEBUG_INFO = NO;
				MTL_FAST_MATH = YES;
				SDKROOT = iphoneos;
				SWIFT_COMPILATION_MODE = wholemodule;
				SWIFT_OPTIMIZATION_LEVEL = "-O";
				VALIDATE_PRODUCT = YES;
			};
			name = Release;
		};
		AA0E53092933F31F00FB9DF5 /* Debug */ = {
			isa = XCBuildConfiguration;
			buildSettings = {
				ASSETCATALOG_COMPILER_APPICON_NAME = AppIcon;
				ASSETCATALOG_COMPILER_GLOBAL_ACCENT_COLOR_NAME = AccentColor;
				CODE_SIGN_STYLE = Automatic;
				CURRENT_PROJECT_VERSION = 1;
				DEVELOPMENT_ASSET_PATHS = "\"AfricaApp_SwiftUI/Preview Content\"";
				DEVELOPMENT_TEAM = 3C46X4Z4X4;
				ENABLE_PREVIEWS = YES;
				GENERATE_INFOPLIST_FILE = YES;
				INFOPLIST_FILE = "AfricaApp-SwiftUI-Info.plist";
				INFOPLIST_KEY_UIApplicationSceneManifest_Generation = YES;
				INFOPLIST_KEY_UIApplicationSupportsIndirectInputEvents = YES;
				INFOPLIST_KEY_UISupportedInterfaceOrientations_iPad = "UIInterfaceOrientationPortrait UIInterfaceOrientationPortraitUpsideDown UIInterfaceOrientationLandscapeLeft UIInterfaceOrientationLandscapeRight";
				INFOPLIST_KEY_UISupportedInterfaceOrientations_iPhone = "UIInterfaceOrientationPortrait UIInterfaceOrientationLandscapeLeft UIInterfaceOrientationLandscapeRight";
				INFOPLIST_KEY_UIUserInterfaceStyle = Dark;
				LD_RUNPATH_SEARCH_PATHS = (
					"$(inherited)",
					"@executable_path/Frameworks",
				);
				MARKETING_VERSION = 1.0;
				PRODUCT_BUNDLE_IDENTIFIER = "iashurkov.AfricaApp-SwiftUI";
				PRODUCT_NAME = "$(TARGET_NAME)";
				SWIFT_EMIT_LOC_STRINGS = YES;
				SWIFT_VERSION = 5.0;
				TARGETED_DEVICE_FAMILY = "1,2";
			};
			name = Debug;
		};
		AA0E530A2933F31F00FB9DF5 /* Release */ = {
			isa = XCBuildConfiguration;
			buildSettings = {
				ASSETCATALOG_COMPILER_APPICON_NAME = AppIcon;
				ASSETCATALOG_COMPILER_GLOBAL_ACCENT_COLOR_NAME = AccentColor;
				CODE_SIGN_STYLE = Automatic;
				CURRENT_PROJECT_VERSION = 1;
				DEVELOPMENT_ASSET_PATHS = "\"AfricaApp_SwiftUI/Preview Content\"";
				DEVELOPMENT_TEAM = 3C46X4Z4X4;
				ENABLE_PREVIEWS = YES;
				GENERATE_INFOPLIST_FILE = YES;
				INFOPLIST_FILE = "AfricaApp-SwiftUI-Info.plist";
				INFOPLIST_KEY_UIApplicationSceneManifest_Generation = YES;
				INFOPLIST_KEY_UIApplicationSupportsIndirectInputEvents = YES;
				INFOPLIST_KEY_UISupportedInterfaceOrientations_iPad = "UIInterfaceOrientationPortrait UIInterfaceOrientationPortraitUpsideDown UIInterfaceOrientationLandscapeLeft UIInterfaceOrientationLandscapeRight";
				INFOPLIST_KEY_UISupportedInterfaceOrientations_iPhone = "UIInterfaceOrientationPortrait UIInterfaceOrientationLandscapeLeft UIInterfaceOrientationLandscapeRight";
				INFOPLIST_KEY_UIUserInterfaceStyle = Dark;
				LD_RUNPATH_SEARCH_PATHS = (
					"$(inherited)",
					"@executable_path/Frameworks",
				);
				MARKETING_VERSION = 1.0;
				PRODUCT_BUNDLE_IDENTIFIER = "iashurkov.AfricaApp-SwiftUI";
				PRODUCT_NAME = "$(TARGET_NAME)";
				SWIFT_EMIT_LOC_STRINGS = YES;
				SWIFT_VERSION = 5.0;
				TARGETED_DEVICE_FAMILY = "1,2";
			};
			name = Release;
		};
/* End XCBuildConfiguration section */

/* Begin XCConfigurationList section */
		AA0E52F52933F31D00FB9DF5 /* Build configuration list for PBXProject "AfricaApp_SwiftUI" */ = {
			isa = XCConfigurationList;
			buildConfigurations = (
				AA0E53062933F31F00FB9DF5 /* Debug */,
				AA0E53072933F31F00FB9DF5 /* Release */,
			);
			defaultConfigurationIsVisible = 0;
			defaultConfigurationName = Release;
		};
		AA0E53082933F31F00FB9DF5 /* Build configuration list for PBXNativeTarget "AfricaApp_SwiftUI" */ = {
			isa = XCConfigurationList;
			buildConfigurations = (
				AA0E53092933F31F00FB9DF5 /* Debug */,
				AA0E530A2933F31F00FB9DF5 /* Release */,
			);
			defaultConfigurationIsVisible = 0;
			defaultConfigurationName = Release;
		};
/* End XCConfigurationList section */
	};
	rootObject = AA0E52F22933F31D00FB9DF5 /* Project object */;
}
